
Microsoft Visual Studio Solution File, Format Version 12.00
# Visual Studio 15
VisualStudioVersion = 15.0.28307.136
MinimumVisualStudioVersion = 10.0.40219.1
Project("{FAE04EC0-301F-11D3-BF4B-00C04F79EFBC}") = "img-merger", "img-merger\img-merger.csproj", "{A46220D1-9048-46E3-95A7-FC71781C4AFA}"
EndProject
Global
	GlobalSection(SolutionConfigurationPlatforms) = preSolution
		Debug|Any CPU = Debug|Any CPU
		Release|Any CPU = Release|Any CPU
	EndGlobalSection
	GlobalSection(ProjectConfigurationPlatforms) = postSolution
		{A46220D1-9048-46E3-95A7-FC71781C4AFA}.Debug|Any CPU.ActiveCfg = Debug|Any CPU
		{A46220D1-9048-46E3-95A7-FC71781C4AFA}.Debug|Any CPU.Build.0 = Debug|Any CPU
		{A46220D1-9048-46E3-95A7-FC71781C4AFA}.Release|Any CPU.ActiveCfg = Release|Any CPU
		{A46220D1-9048-46E3-95A7-FC71781C4AFA}.Release|Any CPU.Build.0 = Release|Any CPU
	EndGlobalSection
	GlobalSection(SolutionProperties) = preSolution
		HideSolutionNode = FALSE
	EndGlobalSection
	GlobalSection(ExtensibilityGlobals) = postSolution
		SolutionGuid = {2A176AAF-F4E3-4B68-9AEE-8D5A52940B7C}
	EndGlobalSection
EndGlobal
